// !$*UTF8*$!
{
	archiveVersion = 1;
	classes = {
	};
	objectVersion = 56;
	objects = {

/* Begin PBXBuildFile section */
		4BD089FDD2D32BE24F72200A /* Pods_UntitledTests.framework in Frameworks */ = {isa = PBXBuildFile; fileRef = 30279390F0B49C2BC8E66376 /* Pods_UntitledTests.framework */; };
		A03DA679230FA600979F530F /* Pods_Untitled.framework in Frameworks */ = {isa = PBXBuildFile; fileRef = C9AC4F43C9CED10C1276C7F9 /* Pods_Untitled.framework */; };
		CACD9F270F8D1EB20B07C14B /* Pods_Untitled_UntitledUITests.framework in Frameworks */ = {isa = PBXBuildFile; fileRef = 1C0EDED36458C7D26657E7AF /* Pods_Untitled_UntitledUITests.framework */; };
		FA1416D629D1F1710060119D /* HomeViewController.swift in Sources */ = {isa = PBXBuildFile; fileRef = FA1416D529D1F1710060119D /* HomeViewController.swift */; };
		FA169D4929D1FEAD0042DBC0 /* InitView.swift in Sources */ = {isa = PBXBuildFile; fileRef = FA169D4829D1FEAD0042DBC0 /* InitView.swift */; };
		FA609F2C29FEB404005BE1F2 /* AlarmCellDataModel.swift in Sources */ = {isa = PBXBuildFile; fileRef = FA609F2B29FEB404005BE1F2 /* AlarmCellDataModel.swift */; };
		FA609F2F29FEDE74005BE1F2 /* AlarmViewTableCell.swift in Sources */ = {isa = PBXBuildFile; fileRef = FA609F2E29FEDE74005BE1F2 /* AlarmViewTableCell.swift */; };
		FA609F3129FF1281005BE1F2 /* AlarmAddViewController.swift in Sources */ = {isa = PBXBuildFile; fileRef = FA609F3029FF1281005BE1F2 /* AlarmAddViewController.swift */; };
		FA609F3329FF128B005BE1F2 /* AlarmAddView.swift in Sources */ = {isa = PBXBuildFile; fileRef = FA609F3229FF128B005BE1F2 /* AlarmAddView.swift */; };
		FA7FA26A29DC2BEE0011B242 /* AlarmView.swift in Sources */ = {isa = PBXBuildFile; fileRef = FA7FA26729DC2BEE0011B242 /* AlarmView.swift */; };
		FA7FA26B29DC2BEE0011B242 /* MainView.swift in Sources */ = {isa = PBXBuildFile; fileRef = FA7FA26829DC2BEE0011B242 /* MainView.swift */; };
		FA7FA26C29DC2BEE0011B242 /* CommonView.swift in Sources */ = {isa = PBXBuildFile; fileRef = FA7FA26929DC2BEE0011B242 /* CommonView.swift */; };
		FA7FA26E29DC2C060011B242 /* CustomTabBarController.swift in Sources */ = {isa = PBXBuildFile; fileRef = FA7FA26D29DC2C060011B242 /* CustomTabBarController.swift */; };
		FAB785EC29D1ED6F00816363 /* AppDelegate.swift in Sources */ = {isa = PBXBuildFile; fileRef = FAB785EB29D1ED6F00816363 /* AppDelegate.swift */; };
		FAB785EE29D1ED6F00816363 /* SceneDelegate.swift in Sources */ = {isa = PBXBuildFile; fileRef = FAB785ED29D1ED6F00816363 /* SceneDelegate.swift */; };
		FAB785F629D1ED6F00816363 /* Untitled.xcdatamodeld in Sources */ = {isa = PBXBuildFile; fileRef = FAB785F429D1ED6F00816363 /* Untitled.xcdatamodeld */; };
		FAB785F829D1ED7000816363 /* Assets.xcassets in Resources */ = {isa = PBXBuildFile; fileRef = FAB785F729D1ED7000816363 /* Assets.xcassets */; };
		FAB785FB29D1ED7000816363 /* LaunchScreen.storyboard in Resources */ = {isa = PBXBuildFile; fileRef = FAB785F929D1ED7000816363 /* LaunchScreen.storyboard */; };
		FAB7860629D1ED7000816363 /* UntitledTests.swift in Sources */ = {isa = PBXBuildFile; fileRef = FAB7860529D1ED7000816363 /* UntitledTests.swift */; };
		FAB7861029D1ED7000816363 /* UntitledUITests.swift in Sources */ = {isa = PBXBuildFile; fileRef = FAB7860F29D1ED7000816363 /* UntitledUITests.swift */; };
		FAB7861229D1ED7000816363 /* UntitledUITestsLaunchTests.swift in Sources */ = {isa = PBXBuildFile; fileRef = FAB7861129D1ED7000816363 /* UntitledUITestsLaunchTests.swift */; };
		FAC6224029D1F3D800D75F7E /* AlarmViewController.swift in Sources */ = {isa = PBXBuildFile; fileRef = FAC6223F29D1F3D800D75F7E /* AlarmViewController.swift */; };
		FAC6224229D1F3F900D75F7E /* AIRecommededViewController.swift in Sources */ = {isa = PBXBuildFile; fileRef = FAC6224129D1F3F900D75F7E /* AIRecommededViewController.swift */; };
		FAC6224429D1F41A00D75F7E /* InitViewController.swift in Sources */ = {isa = PBXBuildFile; fileRef = FAC6224329D1F41A00D75F7E /* InitViewController.swift */; };
		FAC6224729D1FA5100D75F7E /* UIViewController+Extension.swift in Sources */ = {isa = PBXBuildFile; fileRef = FAC6224629D1FA5100D75F7E /* UIViewController+Extension.swift */; };
/* End PBXBuildFile section */

/* Begin PBXContainerItemProxy section */
		FAB7860229D1ED7000816363 /* PBXContainerItemProxy */ = {
			isa = PBXContainerItemProxy;
			containerPortal = FAB785E029D1ED6F00816363 /* Project object */;
			proxyType = 1;
			remoteGlobalIDString = FAB785E729D1ED6F00816363;
			remoteInfo = Untitled;
		};
		FAB7860C29D1ED7000816363 /* PBXContainerItemProxy */ = {
			isa = PBXContainerItemProxy;
			containerPortal = FAB785E029D1ED6F00816363 /* Project object */;
			proxyType = 1;
			remoteGlobalIDString = FAB785E729D1ED6F00816363;
			remoteInfo = Untitled;
		};
/* End PBXContainerItemProxy section */

/* Begin PBXFileReference section */
		0E8A2460981A71EA34D50EEC /* Pods-Untitled.debug.xcconfig */ = {isa = PBXFileReference; includeInIndex = 1; lastKnownFileType = text.xcconfig; name = "Pods-Untitled.debug.xcconfig"; path = "Target Support Files/Pods-Untitled/Pods-Untitled.debug.xcconfig"; sourceTree = "<group>"; };
		1A52C9C4F8B440C27D3929FA /* Pods-Untitled-UntitledUITests.release.xcconfig */ = {isa = PBXFileReference; includeInIndex = 1; lastKnownFileType = text.xcconfig; name = "Pods-Untitled-UntitledUITests.release.xcconfig"; path = "Target Support Files/Pods-Untitled-UntitledUITests/Pods-Untitled-UntitledUITests.release.xcconfig"; sourceTree = "<group>"; };
		1C0EDED36458C7D26657E7AF /* Pods_Untitled_UntitledUITests.framework */ = {isa = PBXFileReference; explicitFileType = wrapper.framework; includeInIndex = 0; path = Pods_Untitled_UntitledUITests.framework; sourceTree = BUILT_PRODUCTS_DIR; };
		30279390F0B49C2BC8E66376 /* Pods_UntitledTests.framework */ = {isa = PBXFileReference; explicitFileType = wrapper.framework; includeInIndex = 0; path = Pods_UntitledTests.framework; sourceTree = BUILT_PRODUCTS_DIR; };
		31DBA78A1C8FAFF2C912B2AB /* Pods-Untitled.release.xcconfig */ = {isa = PBXFileReference; includeInIndex = 1; lastKnownFileType = text.xcconfig; name = "Pods-Untitled.release.xcconfig"; path = "Target Support Files/Pods-Untitled/Pods-Untitled.release.xcconfig"; sourceTree = "<group>"; };
		4FF0789B9AB385F135A4961F /* Pods-UntitledTests.debug.xcconfig */ = {isa = PBXFileReference; includeInIndex = 1; lastKnownFileType = text.xcconfig; name = "Pods-UntitledTests.debug.xcconfig"; path = "Target Support Files/Pods-UntitledTests/Pods-UntitledTests.debug.xcconfig"; sourceTree = "<group>"; };
		7951CBFE2A55FB48D929DD76 /* Pods-UntitledTests.release.xcconfig */ = {isa = PBXFileReference; includeInIndex = 1; lastKnownFileType = text.xcconfig; name = "Pods-UntitledTests.release.xcconfig"; path = "Target Support Files/Pods-UntitledTests/Pods-UntitledTests.release.xcconfig"; sourceTree = "<group>"; };
		C9AC4F43C9CED10C1276C7F9 /* Pods_Untitled.framework */ = {isa = PBXFileReference; explicitFileType = wrapper.framework; includeInIndex = 0; path = Pods_Untitled.framework; sourceTree = BUILT_PRODUCTS_DIR; };
		FA1416D529D1F1710060119D /* HomeViewController.swift */ = {isa = PBXFileReference; lastKnownFileType = sourcecode.swift; path = HomeViewController.swift; sourceTree = "<group>"; };
		FA169D4829D1FEAD0042DBC0 /* InitView.swift */ = {isa = PBXFileReference; lastKnownFileType = sourcecode.swift; path = InitView.swift; sourceTree = "<group>"; };
		FA609F2B29FEB404005BE1F2 /* AlarmCellDataModel.swift */ = {isa = PBXFileReference; lastKnownFileType = sourcecode.swift; path = AlarmCellDataModel.swift; sourceTree = "<group>"; };
		FA609F2E29FEDE74005BE1F2 /* AlarmViewTableCell.swift */ = {isa = PBXFileReference; lastKnownFileType = sourcecode.swift; path = AlarmViewTableCell.swift; sourceTree = "<group>"; };
		FA609F3029FF1281005BE1F2 /* AlarmAddViewController.swift */ = {isa = PBXFileReference; lastKnownFileType = sourcecode.swift; path = AlarmAddViewController.swift; sourceTree = "<group>"; };
		FA609F3229FF128B005BE1F2 /* AlarmAddView.swift */ = {isa = PBXFileReference; lastKnownFileType = sourcecode.swift; path = AlarmAddView.swift; sourceTree = "<group>"; };
		FA7FA26729DC2BEE0011B242 /* AlarmView.swift */ = {isa = PBXFileReference; fileEncoding = 4; lastKnownFileType = sourcecode.swift; path = AlarmView.swift; sourceTree = "<group>"; };
		FA7FA26829DC2BEE0011B242 /* MainView.swift */ = {isa = PBXFileReference; fileEncoding = 4; lastKnownFileType = sourcecode.swift; path = MainView.swift; sourceTree = "<group>"; };
		FA7FA26929DC2BEE0011B242 /* CommonView.swift */ = {isa = PBXFileReference; fileEncoding = 4; lastKnownFileType = sourcecode.swift; path = CommonView.swift; sourceTree = "<group>"; };
		FA7FA26D29DC2C060011B242 /* CustomTabBarController.swift */ = {isa = PBXFileReference; fileEncoding = 4; lastKnownFileType = sourcecode.swift; path = CustomTabBarController.swift; sourceTree = "<group>"; };
		FAB785E829D1ED6F00816363 /* Untitled.app */ = {isa = PBXFileReference; explicitFileType = wrapper.application; includeInIndex = 0; path = Untitled.app; sourceTree = BUILT_PRODUCTS_DIR; };
		FAB785EB29D1ED6F00816363 /* AppDelegate.swift */ = {isa = PBXFileReference; lastKnownFileType = sourcecode.swift; path = AppDelegate.swift; sourceTree = "<group>"; };
		FAB785ED29D1ED6F00816363 /* SceneDelegate.swift */ = {isa = PBXFileReference; lastKnownFileType = sourcecode.swift; path = SceneDelegate.swift; sourceTree = "<group>"; };
		FAB785F529D1ED6F00816363 /* Untitled.xcdatamodel */ = {isa = PBXFileReference; lastKnownFileType = wrapper.xcdatamodel; path = Untitled.xcdatamodel; sourceTree = "<group>"; };
		FAB785F729D1ED7000816363 /* Assets.xcassets */ = {isa = PBXFileReference; lastKnownFileType = folder.assetcatalog; path = Assets.xcassets; sourceTree = "<group>"; };
		FAB785FA29D1ED7000816363 /* Base */ = {isa = PBXFileReference; lastKnownFileType = file.storyboard; name = Base; path = Base.lproj/LaunchScreen.storyboard; sourceTree = "<group>"; };
		FAB785FC29D1ED7000816363 /* Info.plist */ = {isa = PBXFileReference; lastKnownFileType = text.plist.xml; path = Info.plist; sourceTree = "<group>"; };
		FAB7860129D1ED7000816363 /* UntitledTests.xctest */ = {isa = PBXFileReference; explicitFileType = wrapper.cfbundle; includeInIndex = 0; path = UntitledTests.xctest; sourceTree = BUILT_PRODUCTS_DIR; };
		FAB7860529D1ED7000816363 /* UntitledTests.swift */ = {isa = PBXFileReference; lastKnownFileType = sourcecode.swift; path = UntitledTests.swift; sourceTree = "<group>"; };
		FAB7860B29D1ED7000816363 /* UntitledUITests.xctest */ = {isa = PBXFileReference; explicitFileType = wrapper.cfbundle; includeInIndex = 0; path = UntitledUITests.xctest; sourceTree = BUILT_PRODUCTS_DIR; };
		FAB7860F29D1ED7000816363 /* UntitledUITests.swift */ = {isa = PBXFileReference; lastKnownFileType = sourcecode.swift; path = UntitledUITests.swift; sourceTree = "<group>"; };
		FAB7861129D1ED7000816363 /* UntitledUITestsLaunchTests.swift */ = {isa = PBXFileReference; lastKnownFileType = sourcecode.swift; path = UntitledUITestsLaunchTests.swift; sourceTree = "<group>"; };
		FAC6223F29D1F3D800D75F7E /* AlarmViewController.swift */ = {isa = PBXFileReference; lastKnownFileType = sourcecode.swift; path = AlarmViewController.swift; sourceTree = "<group>"; };
		FAC6224129D1F3F900D75F7E /* AIRecommededViewController.swift */ = {isa = PBXFileReference; lastKnownFileType = sourcecode.swift; path = AIRecommededViewController.swift; sourceTree = "<group>"; };
		FAC6224329D1F41A00D75F7E /* InitViewController.swift */ = {isa = PBXFileReference; lastKnownFileType = sourcecode.swift; path = InitViewController.swift; sourceTree = "<group>"; };
		FAC6224629D1FA5100D75F7E /* UIViewController+Extension.swift */ = {isa = PBXFileReference; lastKnownFileType = sourcecode.swift; path = "UIViewController+Extension.swift"; sourceTree = "<group>"; };
		FEE6A9018BC67920316051D1 /* Pods-Untitled-UntitledUITests.debug.xcconfig */ = {isa = PBXFileReference; includeInIndex = 1; lastKnownFileType = text.xcconfig; name = "Pods-Untitled-UntitledUITests.debug.xcconfig"; path = "Target Support Files/Pods-Untitled-UntitledUITests/Pods-Untitled-UntitledUITests.debug.xcconfig"; sourceTree = "<group>"; };
/* End PBXFileReference section */

/* Begin PBXFrameworksBuildPhase section */
		FAB785E529D1ED6F00816363 /* Frameworks */ = {
			isa = PBXFrameworksBuildPhase;
			buildActionMask = 2147483647;
			files = (
				A03DA679230FA600979F530F /* Pods_Untitled.framework in Frameworks */,
			);
			runOnlyForDeploymentPostprocessing = 0;
		};
		FAB785FE29D1ED7000816363 /* Frameworks */ = {
			isa = PBXFrameworksBuildPhase;
			buildActionMask = 2147483647;
			files = (
				4BD089FDD2D32BE24F72200A /* Pods_UntitledTests.framework in Frameworks */,
			);
			runOnlyForDeploymentPostprocessing = 0;
		};
		FAB7860829D1ED7000816363 /* Frameworks */ = {
			isa = PBXFrameworksBuildPhase;
			buildActionMask = 2147483647;
			files = (
				CACD9F270F8D1EB20B07C14B /* Pods_Untitled_UntitledUITests.framework in Frameworks */,
			);
			runOnlyForDeploymentPostprocessing = 0;
		};
/* End PBXFrameworksBuildPhase section */

/* Begin PBXGroup section */
		D4E33462E1E45DCA4B4034B3 /* Frameworks */ = {
			isa = PBXGroup;
			children = (
				C9AC4F43C9CED10C1276C7F9 /* Pods_Untitled.framework */,
				1C0EDED36458C7D26657E7AF /* Pods_Untitled_UntitledUITests.framework */,
				30279390F0B49C2BC8E66376 /* Pods_UntitledTests.framework */,
			);
			name = Frameworks;
			sourceTree = "<group>";
		};
		E29844FCDF0F6A2E7D265169 /* Pods */ = {
			isa = PBXGroup;
			children = (
				0E8A2460981A71EA34D50EEC /* Pods-Untitled.debug.xcconfig */,
				31DBA78A1C8FAFF2C912B2AB /* Pods-Untitled.release.xcconfig */,
				FEE6A9018BC67920316051D1 /* Pods-Untitled-UntitledUITests.debug.xcconfig */,
				1A52C9C4F8B440C27D3929FA /* Pods-Untitled-UntitledUITests.release.xcconfig */,
				4FF0789B9AB385F135A4961F /* Pods-UntitledTests.debug.xcconfig */,
				7951CBFE2A55FB48D929DD76 /* Pods-UntitledTests.release.xcconfig */,
			);
			path = Pods;
			sourceTree = "<group>";
		};
		FA1416D129D1EF2E0060119D /* View */ = {
			isa = PBXGroup;
			children = (
				FA7FA26729DC2BEE0011B242 /* AlarmView.swift */,
				FA7FA26929DC2BEE0011B242 /* CommonView.swift */,
				FA7FA26829DC2BEE0011B242 /* MainView.swift */,
				FA169D4829D1FEAD0042DBC0 /* InitView.swift */,
				FA609F3229FF128B005BE1F2 /* AlarmAddView.swift */,
			);
			path = View;
			sourceTree = "<group>";
		};
		FA1416D229D1EF340060119D /* Model */ = {
			isa = PBXGroup;
			children = (
				FA609F2B29FEB404005BE1F2 /* AlarmCellDataModel.swift */,
			);
			path = Model;
			sourceTree = "<group>";
		};
		FA1416D329D1EF3A0060119D /* Controller */ = {
			isa = PBXGroup;
			children = (
				FA7FA26D29DC2C060011B242 /* CustomTabBarController.swift */,
				FAC6224329D1F41A00D75F7E /* InitViewController.swift */,
				FA1416D529D1F1710060119D /* HomeViewController.swift */,
				FAC6223F29D1F3D800D75F7E /* AlarmViewController.swift */,
				FAC6224129D1F3F900D75F7E /* AIRecommededViewController.swift */,
				FA609F3029FF1281005BE1F2 /* AlarmAddViewController.swift */,
			);
			path = Controller;
			sourceTree = "<group>";
		};
		FA1416D429D1EF410060119D /* Common */ = {
			isa = PBXGroup;
			children = (
				FAB785EB29D1ED6F00816363 /* AppDelegate.swift */,
				FAB785ED29D1ED6F00816363 /* SceneDelegate.swift */,
			);
			path = Common;
			sourceTree = "<group>";
		};
		FA609F2D29FEDE56005BE1F2 /* Cell */ = {
			isa = PBXGroup;
			children = (
				FA609F2E29FEDE74005BE1F2 /* AlarmViewTableCell.swift */,
			);
			path = Cell;
			sourceTree = "<group>";
		};
		FAB785DF29D1ED6F00816363 = {
			isa = PBXGroup;
			children = (
				FAC6224529D1FA3500D75F7E /* Extension */,
				FA1416D429D1EF410060119D /* Common */,
				FA1416D329D1EF3A0060119D /* Controller */,
				FA1416D229D1EF340060119D /* Model */,
				FA609F2D29FEDE56005BE1F2 /* Cell */,
				FA1416D129D1EF2E0060119D /* View */,
				FAB785EA29D1ED6F00816363 /* Untitled */,
				FAB7860429D1ED7000816363 /* UntitledTests */,
				FAB7860E29D1ED7000816363 /* UntitledUITests */,
				FAB785E929D1ED6F00816363 /* Products */,
				E29844FCDF0F6A2E7D265169 /* Pods */,
				D4E33462E1E45DCA4B4034B3 /* Frameworks */,
			);
			sourceTree = "<group>";
		};
		FAB785E929D1ED6F00816363 /* Products */ = {
			isa = PBXGroup;
			children = (
				FAB785E829D1ED6F00816363 /* Untitled.app */,
				FAB7860129D1ED7000816363 /* UntitledTests.xctest */,
				FAB7860B29D1ED7000816363 /* UntitledUITests.xctest */,
			);
			name = Products;
			sourceTree = "<group>";
		};
		FAB785EA29D1ED6F00816363 /* Untitled */ = {
			isa = PBXGroup;
			children = (
				FAB785F729D1ED7000816363 /* Assets.xcassets */,
				FAB785F929D1ED7000816363 /* LaunchScreen.storyboard */,
				FAB785FC29D1ED7000816363 /* Info.plist */,
				FAB785F429D1ED6F00816363 /* Untitled.xcdatamodeld */,
			);
			path = Untitled;
			sourceTree = "<group>";
		};
		FAB7860429D1ED7000816363 /* UntitledTests */ = {
			isa = PBXGroup;
			children = (
				FAB7860529D1ED7000816363 /* UntitledTests.swift */,
			);
			path = UntitledTests;
			sourceTree = "<group>";
		};
		FAB7860E29D1ED7000816363 /* UntitledUITests */ = {
			isa = PBXGroup;
			children = (
				FAB7860F29D1ED7000816363 /* UntitledUITests.swift */,
				FAB7861129D1ED7000816363 /* UntitledUITestsLaunchTests.swift */,
			);
			path = UntitledUITests;
			sourceTree = "<group>";
		};
		FAC6224529D1FA3500D75F7E /* Extension */ = {
			isa = PBXGroup;
			children = (
				FAC6224629D1FA5100D75F7E /* UIViewController+Extension.swift */,
			);
			path = Extension;
			sourceTree = "<group>";
		};
/* End PBXGroup section */

/* Begin PBXNativeTarget section */
		FAB785E729D1ED6F00816363 /* Untitled */ = {
			isa = PBXNativeTarget;
			buildConfigurationList = FAB7861529D1ED7000816363 /* Build configuration list for PBXNativeTarget "Untitled" */;
			buildPhases = (
				F3261B3C9EA192698C755F0F /* [CP] Check Pods Manifest.lock */,
				FAB785E429D1ED6F00816363 /* Sources */,
				FAB785E529D1ED6F00816363 /* Frameworks */,
				FAB785E629D1ED6F00816363 /* Resources */,
				86A975C910E54E03A5561229 /* [CP] Embed Pods Frameworks */,
			);
			buildRules = (
			);
			dependencies = (
			);
			name = Untitled;
			productName = Untitled;
			productReference = FAB785E829D1ED6F00816363 /* Untitled.app */;
			productType = "com.apple.product-type.application";
		};
		FAB7860029D1ED7000816363 /* UntitledTests */ = {
			isa = PBXNativeTarget;
			buildConfigurationList = FAB7861829D1ED7000816363 /* Build configuration list for PBXNativeTarget "UntitledTests" */;
			buildPhases = (
				DF4B85EF9F0AD2ACEC19D34C /* [CP] Check Pods Manifest.lock */,
				FAB785FD29D1ED7000816363 /* Sources */,
				FAB785FE29D1ED7000816363 /* Frameworks */,
				FAB785FF29D1ED7000816363 /* Resources */,
			);
			buildRules = (
			);
			dependencies = (
				FAB7860329D1ED7000816363 /* PBXTargetDependency */,
			);
			name = UntitledTests;
			productName = UntitledTests;
			productReference = FAB7860129D1ED7000816363 /* UntitledTests.xctest */;
			productType = "com.apple.product-type.bundle.unit-test";
		};
		FAB7860A29D1ED7000816363 /* UntitledUITests */ = {
			isa = PBXNativeTarget;
			buildConfigurationList = FAB7861B29D1ED7000816363 /* Build configuration list for PBXNativeTarget "UntitledUITests" */;
			buildPhases = (
				4E2B997CC542DF09AE81E1D5 /* [CP] Check Pods Manifest.lock */,
				FAB7860729D1ED7000816363 /* Sources */,
				FAB7860829D1ED7000816363 /* Frameworks */,
				FAB7860929D1ED7000816363 /* Resources */,
				490E121521AF106157EB8CED /* [CP] Embed Pods Frameworks */,
			);
			buildRules = (
			);
			dependencies = (
				FAB7860D29D1ED7000816363 /* PBXTargetDependency */,
			);
			name = UntitledUITests;
			productName = UntitledUITests;
			productReference = FAB7860B29D1ED7000816363 /* UntitledUITests.xctest */;
			productType = "com.apple.product-type.bundle.ui-testing";
		};
/* End PBXNativeTarget section */

/* Begin PBXProject section */
		FAB785E029D1ED6F00816363 /* Project object */ = {
			isa = PBXProject;
			attributes = {
				BuildIndependentTargetsInParallel = 1;
				LastSwiftUpdateCheck = 1420;
				LastUpgradeCheck = 1420;
				TargetAttributes = {
					FAB785E729D1ED6F00816363 = {
						CreatedOnToolsVersion = 14.2;
					};
					FAB7860029D1ED7000816363 = {
						CreatedOnToolsVersion = 14.2;
						TestTargetID = FAB785E729D1ED6F00816363;
					};
					FAB7860A29D1ED7000816363 = {
						CreatedOnToolsVersion = 14.2;
						TestTargetID = FAB785E729D1ED6F00816363;
					};
				};
			};
			buildConfigurationList = FAB785E329D1ED6F00816363 /* Build configuration list for PBXProject "Untitled" */;
			compatibilityVersion = "Xcode 14.0";
			developmentRegion = en;
			hasScannedForEncodings = 0;
			knownRegions = (
				en,
				Base,
			);
			mainGroup = FAB785DF29D1ED6F00816363;
			productRefGroup = FAB785E929D1ED6F00816363 /* Products */;
			projectDirPath = "";
			projectRoot = "";
			targets = (
				FAB785E729D1ED6F00816363 /* Untitled */,
				FAB7860029D1ED7000816363 /* UntitledTests */,
				FAB7860A29D1ED7000816363 /* UntitledUITests */,
			);
		};
/* End PBXProject section */

/* Begin PBXResourcesBuildPhase section */
		FAB785E629D1ED6F00816363 /* Resources */ = {
			isa = PBXResourcesBuildPhase;
			buildActionMask = 2147483647;
			files = (
				FAB785FB29D1ED7000816363 /* LaunchScreen.storyboard in Resources */,
				FAB785F829D1ED7000816363 /* Assets.xcassets in Resources */,
			);
			runOnlyForDeploymentPostprocessing = 0;
		};
		FAB785FF29D1ED7000816363 /* Resources */ = {
			isa = PBXResourcesBuildPhase;
			buildActionMask = 2147483647;
			files = (
			);
			runOnlyForDeploymentPostprocessing = 0;
		};
		FAB7860929D1ED7000816363 /* Resources */ = {
			isa = PBXResourcesBuildPhase;
			buildActionMask = 2147483647;
			files = (
			);
			runOnlyForDeploymentPostprocessing = 0;
		};
/* End PBXResourcesBuildPhase section */

/* Begin PBXShellScriptBuildPhase section */
		490E121521AF106157EB8CED /* [CP] Embed Pods Frameworks */ = {
			isa = PBXShellScriptBuildPhase;
			buildActionMask = 2147483647;
			files = (
			);
			inputFileListPaths = (
				"${PODS_ROOT}/Target Support Files/Pods-Untitled-UntitledUITests/Pods-Untitled-UntitledUITests-frameworks-${CONFIGURATION}-input-files.xcfilelist",
			);
			name = "[CP] Embed Pods Frameworks";
			outputFileListPaths = (
				"${PODS_ROOT}/Target Support Files/Pods-Untitled-UntitledUITests/Pods-Untitled-UntitledUITests-frameworks-${CONFIGURATION}-output-files.xcfilelist",
			);
			runOnlyForDeploymentPostprocessing = 0;
			shellPath = /bin/sh;
			shellScript = "\"${PODS_ROOT}/Target Support Files/Pods-Untitled-UntitledUITests/Pods-Untitled-UntitledUITests-frameworks.sh\"\n";
			showEnvVarsInLog = 0;
		};
		4E2B997CC542DF09AE81E1D5 /* [CP] Check Pods Manifest.lock */ = {
			isa = PBXShellScriptBuildPhase;
			buildActionMask = 2147483647;
			files = (
			);
			inputFileListPaths = (
			);
			inputPaths = (
				"${PODS_PODFILE_DIR_PATH}/Podfile.lock",
				"${PODS_ROOT}/Manifest.lock",
			);
			name = "[CP] Check Pods Manifest.lock";
			outputFileListPaths = (
			);
			outputPaths = (
				"$(DERIVED_FILE_DIR)/Pods-Untitled-UntitledUITests-checkManifestLockResult.txt",
			);
			runOnlyForDeploymentPostprocessing = 0;
			shellPath = /bin/sh;
			shellScript = "diff \"${PODS_PODFILE_DIR_PATH}/Podfile.lock\" \"${PODS_ROOT}/Manifest.lock\" > /dev/null\nif [ $? != 0 ] ; then\n    # print error to STDERR\n    echo \"error: The sandbox is not in sync with the Podfile.lock. Run 'pod install' or update your CocoaPods installation.\" >&2\n    exit 1\nfi\n# This output is used by Xcode 'outputs' to avoid re-running this script phase.\necho \"SUCCESS\" > \"${SCRIPT_OUTPUT_FILE_0}\"\n";
			showEnvVarsInLog = 0;
		};
		86A975C910E54E03A5561229 /* [CP] Embed Pods Frameworks */ = {
			isa = PBXShellScriptBuildPhase;
			buildActionMask = 2147483647;
			files = (
			);
			inputFileListPaths = (
				"${PODS_ROOT}/Target Support Files/Pods-Untitled/Pods-Untitled-frameworks-${CONFIGURATION}-input-files.xcfilelist",
			);
			name = "[CP] Embed Pods Frameworks";
			outputFileListPaths = (
				"${PODS_ROOT}/Target Support Files/Pods-Untitled/Pods-Untitled-frameworks-${CONFIGURATION}-output-files.xcfilelist",
			);
			runOnlyForDeploymentPostprocessing = 0;
			shellPath = /bin/sh;
			shellScript = "\"${PODS_ROOT}/Target Support Files/Pods-Untitled/Pods-Untitled-frameworks.sh\"\n";
			showEnvVarsInLog = 0;
		};
		DF4B85EF9F0AD2ACEC19D34C /* [CP] Check Pods Manifest.lock */ = {
			isa = PBXShellScriptBuildPhase;
			buildActionMask = 2147483647;
			files = (
			);
			inputFileListPaths = (
			);
			inputPaths = (
				"${PODS_PODFILE_DIR_PATH}/Podfile.lock",
				"${PODS_ROOT}/Manifest.lock",
			);
			name = "[CP] Check Pods Manifest.lock";
			outputFileListPaths = (
			);
			outputPaths = (
				"$(DERIVED_FILE_DIR)/Pods-UntitledTests-checkManifestLockResult.txt",
			);
			runOnlyForDeploymentPostprocessing = 0;
			shellPath = /bin/sh;
			shellScript = "diff \"${PODS_PODFILE_DIR_PATH}/Podfile.lock\" \"${PODS_ROOT}/Manifest.lock\" > /dev/null\nif [ $? != 0 ] ; then\n    # print error to STDERR\n    echo \"error: The sandbox is not in sync with the Podfile.lock. Run 'pod install' or update your CocoaPods installation.\" >&2\n    exit 1\nfi\n# This output is used by Xcode 'outputs' to avoid re-running this script phase.\necho \"SUCCESS\" > \"${SCRIPT_OUTPUT_FILE_0}\"\n";
			showEnvVarsInLog = 0;
		};
		F3261B3C9EA192698C755F0F /* [CP] Check Pods Manifest.lock */ = {
			isa = PBXShellScriptBuildPhase;
			buildActionMask = 2147483647;
			files = (
			);
			inputFileListPaths = (
			);
			inputPaths = (
				"${PODS_PODFILE_DIR_PATH}/Podfile.lock",
				"${PODS_ROOT}/Manifest.lock",
			);
			name = "[CP] Check Pods Manifest.lock";
			outputFileListPaths = (
			);
			outputPaths = (
				"$(DERIVED_FILE_DIR)/Pods-Untitled-checkManifestLockResult.txt",
			);
			runOnlyForDeploymentPostprocessing = 0;
			shellPath = /bin/sh;
			shellScript = "diff \"${PODS_PODFILE_DIR_PATH}/Podfile.lock\" \"${PODS_ROOT}/Manifest.lock\" > /dev/null\nif [ $? != 0 ] ; then\n    # print error to STDERR\n    echo \"error: The sandbox is not in sync with the Podfile.lock. Run 'pod install' or update your CocoaPods installation.\" >&2\n    exit 1\nfi\n# This output is used by Xcode 'outputs' to avoid re-running this script phase.\necho \"SUCCESS\" > \"${SCRIPT_OUTPUT_FILE_0}\"\n";
			showEnvVarsInLog = 0;
		};
/* End PBXShellScriptBuildPhase section */

/* Begin PBXSourcesBuildPhase section */
		FAB785E429D1ED6F00816363 /* Sources */ = {
			isa = PBXSourcesBuildPhase;
			buildActionMask = 2147483647;
			files = (
				FAC6224729D1FA5100D75F7E /* UIViewController+Extension.swift in Sources */,
				FAC6224029D1F3D800D75F7E /* AlarmViewController.swift in Sources */,
				FA7FA26A29DC2BEE0011B242 /* AlarmView.swift in Sources */,
				FAC6224429D1F41A00D75F7E /* InitViewController.swift in Sources */,
				FAB785EC29D1ED6F00816363 /* AppDelegate.swift in Sources */,
				FAB785F629D1ED6F00816363 /* Untitled.xcdatamodeld in Sources */,
				FA609F3329FF128B005BE1F2 /* AlarmAddView.swift in Sources */,
				FA609F2F29FEDE74005BE1F2 /* AlarmViewTableCell.swift in Sources */,
				FAB785EE29D1ED6F00816363 /* SceneDelegate.swift in Sources */,
				FA7FA26B29DC2BEE0011B242 /* MainView.swift in Sources */,
				FAC6224229D1F3F900D75F7E /* AIRecommededViewController.swift in Sources */,
				FA609F2C29FEB404005BE1F2 /* AlarmCellDataModel.swift in Sources */,
				FA169D4929D1FEAD0042DBC0 /* InitView.swift in Sources */,
				FA609F3129FF1281005BE1F2 /* AlarmAddViewController.swift in Sources */,
				FA7FA26E29DC2C060011B242 /* CustomTabBarController.swift in Sources */,
				FA1416D629D1F1710060119D /* HomeViewController.swift in Sources */,
				FA7FA26C29DC2BEE0011B242 /* CommonView.swift in Sources */,
			);
			runOnlyForDeploymentPostprocessing = 0;
		};
		FAB785FD29D1ED7000816363 /* Sources */ = {
			isa = PBXSourcesBuildPhase;
			buildActionMask = 2147483647;
			files = (
				FAB7860629D1ED7000816363 /* UntitledTests.swift in Sources */,
			);
			runOnlyForDeploymentPostprocessing = 0;
		};
		FAB7860729D1ED7000816363 /* Sources */ = {
			isa = PBXSourcesBuildPhase;
			buildActionMask = 2147483647;
			files = (
				FAB7861229D1ED7000816363 /* UntitledUITestsLaunchTests.swift in Sources */,
				FAB7861029D1ED7000816363 /* UntitledUITests.swift in Sources */,
			);
			runOnlyForDeploymentPostprocessing = 0;
		};
/* End PBXSourcesBuildPhase section */

/* Begin PBXTargetDependency section */
		FAB7860329D1ED7000816363 /* PBXTargetDependency */ = {
			isa = PBXTargetDependency;
			target = FAB785E729D1ED6F00816363 /* Untitled */;
			targetProxy = FAB7860229D1ED7000816363 /* PBXContainerItemProxy */;
		};
		FAB7860D29D1ED7000816363 /* PBXTargetDependency */ = {
			isa = PBXTargetDependency;
			target = FAB785E729D1ED6F00816363 /* Untitled */;
			targetProxy = FAB7860C29D1ED7000816363 /* PBXContainerItemProxy */;
		};
/* End PBXTargetDependency section */

/* Begin PBXVariantGroup section */
		FAB785F929D1ED7000816363 /* LaunchScreen.storyboard */ = {
			isa = PBXVariantGroup;
			children = (
				FAB785FA29D1ED7000816363 /* Base */,
			);
			name = LaunchScreen.storyboard;
			sourceTree = "<group>";
		};
/* End PBXVariantGroup section */

/* Begin XCBuildConfiguration section */
		FAB7861329D1ED7000816363 /* Debug */ = {
			isa = XCBuildConfiguration;
			buildSettings = {
				ALWAYS_SEARCH_USER_PATHS = NO;
				CLANG_ANALYZER_NONNULL = YES;
				CLANG_ANALYZER_NUMBER_OBJECT_CONVERSION = YES_AGGRESSIVE;
				CLANG_CXX_LANGUAGE_STANDARD = "gnu++20";
				CLANG_ENABLE_MODULES = YES;
				CLANG_ENABLE_OBJC_ARC = YES;
				CLANG_ENABLE_OBJC_WEAK = YES;
				CLANG_WARN_BLOCK_CAPTURE_AUTORELEASING = YES;
				CLANG_WARN_BOOL_CONVERSION = YES;
				CLANG_WARN_COMMA = YES;
				CLANG_WARN_CONSTANT_CONVERSION = YES;
				CLANG_WARN_DEPRECATED_OBJC_IMPLEMENTATIONS = YES;
				CLANG_WARN_DIRECT_OBJC_ISA_USAGE = YES_ERROR;
				CLANG_WARN_DOCUMENTATION_COMMENTS = YES;
				CLANG_WARN_EMPTY_BODY = YES;
				CLANG_WARN_ENUM_CONVERSION = YES;
				CLANG_WARN_INFINITE_RECURSION = YES;
				CLANG_WARN_INT_CONVERSION = YES;
				CLANG_WARN_NON_LITERAL_NULL_CONVERSION = YES;
				CLANG_WARN_OBJC_IMPLICIT_RETAIN_SELF = YES;
				CLANG_WARN_OBJC_LITERAL_CONVERSION = YES;
				CLANG_WARN_OBJC_ROOT_CLASS = YES_ERROR;
				CLANG_WARN_QUOTED_INCLUDE_IN_FRAMEWORK_HEADER = YES;
				CLANG_WARN_RANGE_LOOP_ANALYSIS = YES;
				CLANG_WARN_STRICT_PROTOTYPES = YES;
				CLANG_WARN_SUSPICIOUS_MOVE = YES;
				CLANG_WARN_UNGUARDED_AVAILABILITY = YES_AGGRESSIVE;
				CLANG_WARN_UNREACHABLE_CODE = YES;
				CLANG_WARN__DUPLICATE_METHOD_MATCH = YES;
				COPY_PHASE_STRIP = NO;
				DEBUG_INFORMATION_FORMAT = dwarf;
				ENABLE_STRICT_OBJC_MSGSEND = YES;
				ENABLE_TESTABILITY = YES;
				GCC_C_LANGUAGE_STANDARD = gnu11;
				GCC_DYNAMIC_NO_PIC = NO;
				GCC_NO_COMMON_BLOCKS = YES;
				GCC_OPTIMIZATION_LEVEL = 0;
				GCC_PREPROCESSOR_DEFINITIONS = (
					"DEBUG=1",
					"$(inherited)",
				);
				GCC_WARN_64_TO_32_BIT_CONVERSION = YES;
				GCC_WARN_ABOUT_RETURN_TYPE = YES_ERROR;
				GCC_WARN_UNDECLARED_SELECTOR = YES;
				GCC_WARN_UNINITIALIZED_AUTOS = YES_AGGRESSIVE;
				GCC_WARN_UNUSED_FUNCTION = YES;
				GCC_WARN_UNUSED_VARIABLE = YES;
				IPHONEOS_DEPLOYMENT_TARGET = 16.2;
				MTL_ENABLE_DEBUG_INFO = INCLUDE_SOURCE;
				MTL_FAST_MATH = YES;
				ONLY_ACTIVE_ARCH = YES;
				SDKROOT = iphoneos;
				SWIFT_ACTIVE_COMPILATION_CONDITIONS = DEBUG;
				SWIFT_OPTIMIZATION_LEVEL = "-Onone";
			};
			name = Debug;
		};
		FAB7861429D1ED7000816363 /* Release */ = {
			isa = XCBuildConfiguration;
			buildSettings = {
				ALWAYS_SEARCH_USER_PATHS = NO;
				CLANG_ANALYZER_NONNULL = YES;
				CLANG_ANALYZER_NUMBER_OBJECT_CONVERSION = YES_AGGRESSIVE;
				CLANG_CXX_LANGUAGE_STANDARD = "gnu++20";
				CLANG_ENABLE_MODULES = YES;
				CLANG_ENABLE_OBJC_ARC = YES;
				CLANG_ENABLE_OBJC_WEAK = YES;
				CLANG_WARN_BLOCK_CAPTURE_AUTORELEASING = YES;
				CLANG_WARN_BOOL_CONVERSION = YES;
				CLANG_WARN_COMMA = YES;
				CLANG_WARN_CONSTANT_CONVERSION = YES;
				CLANG_WARN_DEPRECATED_OBJC_IMPLEMENTATIONS = YES;
				CLANG_WARN_DIRECT_OBJC_ISA_USAGE = YES_ERROR;
				CLANG_WARN_DOCUMENTATION_COMMENTS = YES;
				CLANG_WARN_EMPTY_BODY = YES;
				CLANG_WARN_ENUM_CONVERSION = YES;
				CLANG_WARN_INFINITE_RECURSION = YES;
				CLANG_WARN_INT_CONVERSION = YES;
				CLANG_WARN_NON_LITERAL_NULL_CONVERSION = YES;
				CLANG_WARN_OBJC_IMPLICIT_RETAIN_SELF = YES;
				CLANG_WARN_OBJC_LITERAL_CONVERSION = YES;
				CLANG_WARN_OBJC_ROOT_CLASS = YES_ERROR;
				CLANG_WARN_QUOTED_INCLUDE_IN_FRAMEWORK_HEADER = YES;
				CLANG_WARN_RANGE_LOOP_ANALYSIS = YES;
				CLANG_WARN_STRICT_PROTOTYPES = YES;
				CLANG_WARN_SUSPICIOUS_MOVE = YES;
				CLANG_WARN_UNGUARDED_AVAILABILITY = YES_AGGRESSIVE;
				CLANG_WARN_UNREACHABLE_CODE = YES;
				CLANG_WARN__DUPLICATE_METHOD_MATCH = YES;
				COPY_PHASE_STRIP = NO;
				DEBUG_INFORMATION_FORMAT = "dwarf-with-dsym";
				ENABLE_NS_ASSERTIONS = NO;
				ENABLE_STRICT_OBJC_MSGSEND = YES;
				GCC_C_LANGUAGE_STANDARD = gnu11;
				GCC_NO_COMMON_BLOCKS = YES;
				GCC_WARN_64_TO_32_BIT_CONVERSION = YES;
				GCC_WARN_ABOUT_RETURN_TYPE = YES_ERROR;
				GCC_WARN_UNDECLARED_SELECTOR = YES;
				GCC_WARN_UNINITIALIZED_AUTOS = YES_AGGRESSIVE;
				GCC_WARN_UNUSED_FUNCTION = YES;
				GCC_WARN_UNUSED_VARIABLE = YES;
				IPHONEOS_DEPLOYMENT_TARGET = 16.2;
				MTL_ENABLE_DEBUG_INFO = NO;
				MTL_FAST_MATH = YES;
				SDKROOT = iphoneos;
				SWIFT_COMPILATION_MODE = wholemodule;
				SWIFT_OPTIMIZATION_LEVEL = "-O";
				VALIDATE_PRODUCT = YES;
			};
			name = Release;
		};
		FAB7861629D1ED7000816363 /* Debug */ = {
			isa = XCBuildConfiguration;
			baseConfigurationReference = 0E8A2460981A71EA34D50EEC /* Pods-Untitled.debug.xcconfig */;
			buildSettings = {
				ASSETCATALOG_COMPILER_APPICON_NAME = AppIcon;
				ASSETCATALOG_COMPILER_GLOBAL_ACCENT_COLOR_NAME = AccentColor;
				CODE_SIGN_STYLE = Automatic;
				CURRENT_PROJECT_VERSION = 1;
				DEVELOPMENT_TEAM = 6578S57CDT;
				GENERATE_INFOPLIST_FILE = YES;
				INFOPLIST_FILE = Untitled/Info.plist;
				INFOPLIST_KEY_UIApplicationSupportsIndirectInputEvents = YES;
				INFOPLIST_KEY_UILaunchStoryboardName = LaunchScreen;
				INFOPLIST_KEY_UISupportedInterfaceOrientations_iPad = "UIInterfaceOrientationPortrait UIInterfaceOrientationPortraitUpsideDown UIInterfaceOrientationLandscapeLeft UIInterfaceOrientationLandscapeRight";
				INFOPLIST_KEY_UISupportedInterfaceOrientations_iPhone = "UIInterfaceOrientationPortrait UIInterfaceOrientationLandscapeLeft UIInterfaceOrientationLandscapeRight";
				LD_RUNPATH_SEARCH_PATHS = (
					"$(inherited)",
					"@executable_path/Frameworks",
				);
				MARKETING_VERSION = 1.0;
				PRODUCT_BUNDLE_IDENTIFIER = Jaehyeoklim.Untitled;
				PRODUCT_NAME = "$(TARGET_NAME)";
				SWIFT_EMIT_LOC_STRINGS = YES;
				SWIFT_VERSION = 5.0;
				TARGETED_DEVICE_FAMILY = "1,2";
			};
			name = Debug;
		};
		FAB7861729D1ED7000816363 /* Release */ = {
			isa = XCBuildConfiguration;
			baseConfigurationReference = 31DBA78A1C8FAFF2C912B2AB /* Pods-Untitled.release.xcconfig */;
			buildSettings = {
				ASSETCATALOG_COMPILER_APPICON_NAME = AppIcon;
				ASSETCATALOG_COMPILER_GLOBAL_ACCENT_COLOR_NAME = AccentColor;
				CODE_SIGN_STYLE = Automatic;
				CURRENT_PROJECT_VERSION = 1;
				DEVELOPMENT_TEAM = 6578S57CDT;
				GENERATE_INFOPLIST_FILE = YES;
				INFOPLIST_FILE = Untitled/Info.plist;
				INFOPLIST_KEY_UIApplicationSupportsIndirectInputEvents = YES;
				INFOPLIST_KEY_UILaunchStoryboardName = LaunchScreen;
				INFOPLIST_KEY_UISupportedInterfaceOrientations_iPad = "UIInterfaceOrientationPortrait UIInterfaceOrientationPortraitUpsideDown UIInterfaceOrientationLandscapeLeft UIInterfaceOrientationLandscapeRight";
				INFOPLIST_KEY_UISupportedInterfaceOrientations_iPhone = "UIInterfaceOrientationPortrait UIInterfaceOrientationLandscapeLeft UIInterfaceOrientationLandscapeRight";
				LD_RUNPATH_SEARCH_PATHS = (
					"$(inherited)",
					"@executable_path/Frameworks",
				);
				MARKETING_VERSION = 1.0;
				PRODUCT_BUNDLE_IDENTIFIER = Jaehyeoklim.Untitled;
				PRODUCT_NAME = "$(TARGET_NAME)";
				SWIFT_EMIT_LOC_STRINGS = YES;
				SWIFT_VERSION = 5.0;
				TARGETED_DEVICE_FAMILY = "1,2";
			};
			name = Release;
		};
		FAB7861929D1ED7000816363 /* Debug */ = {
			isa = XCBuildConfiguration;
			baseConfigurationReference = 4FF0789B9AB385F135A4961F /* Pods-UntitledTests.debug.xcconfig */;
			buildSettings = {
				ALWAYS_EMBED_SWIFT_STANDARD_LIBRARIES = YES;
				BUNDLE_LOADER = "$(TEST_HOST)";
				CODE_SIGN_STYLE = Automatic;
				CURRENT_PROJECT_VERSION = 1;
				DEVELOPMENT_TEAM = 6578S57CDT;
				GENERATE_INFOPLIST_FILE = YES;
				IPHONEOS_DEPLOYMENT_TARGET = 16.2;
				MARKETING_VERSION = 1.0;
				PRODUCT_BUNDLE_IDENTIFIER = Jaehyeoklim.UntitledTests;
				PRODUCT_NAME = "$(TARGET_NAME)";
				SWIFT_EMIT_LOC_STRINGS = NO;
				SWIFT_VERSION = 5.0;
				TARGETED_DEVICE_FAMILY = "1,2";
				TEST_HOST = "$(BUILT_PRODUCTS_DIR)/Untitled.app/$(BUNDLE_EXECUTABLE_FOLDER_PATH)/Untitled";
			};
			name = Debug;
		};
		FAB7861A29D1ED7000816363 /* Release */ = {
			isa = XCBuildConfiguration;
			baseConfigurationReference = 7951CBFE2A55FB48D929DD76 /* Pods-UntitledTests.release.xcconfig */;
			buildSettings = {
				ALWAYS_EMBED_SWIFT_STANDARD_LIBRARIES = YES;
				BUNDLE_LOADER = "$(TEST_HOST)";
				CODE_SIGN_STYLE = Automatic;
				CURRENT_PROJECT_VERSION = 1;
				DEVELOPMENT_TEAM = 6578S57CDT;
				GENERATE_INFOPLIST_FILE = YES;
				IPHONEOS_DEPLOYMENT_TARGET = 16.2;
				MARKETING_VERSION = 1.0;
				PRODUCT_BUNDLE_IDENTIFIER = Jaehyeoklim.UntitledTests;
				PRODUCT_NAME = "$(TARGET_NAME)";
				SWIFT_EMIT_LOC_STRINGS = NO;
				SWIFT_VERSION = 5.0;
				TARGETED_DEVICE_FAMILY = "1,2";
				TEST_HOST = "$(BUILT_PRODUCTS_DIR)/Untitled.app/$(BUNDLE_EXECUTABLE_FOLDER_PATH)/Untitled";
			};
			name = Release;
		};
		FAB7861C29D1ED7000816363 /* Debug */ = {
			isa = XCBuildConfiguration;
			baseConfigurationReference = FEE6A9018BC67920316051D1 /* Pods-Untitled-UntitledUITests.debug.xcconfig */;
			buildSettings = {
				ALWAYS_EMBED_SWIFT_STANDARD_LIBRARIES = YES;
				CODE_SIGN_STYLE = Automatic;
				CURRENT_PROJECT_VERSION = 1;
				DEVELOPMENT_TEAM = 6578S57CDT;
				GENERATE_INFOPLIST_FILE = YES;
				MARKETING_VERSION = 1.0;
				PRODUCT_BUNDLE_IDENTIFIER = Jaehyeoklim.UntitledUITests;
				PRODUCT_NAME = "$(TARGET_NAME)";
				SWIFT_EMIT_LOC_STRINGS = NO;
				SWIFT_VERSION = 5.0;
				TARGETED_DEVICE_FAMILY = "1,2";
				TEST_TARGET_NAME = Untitled;
			};
			name = Debug;
		};
		FAB7861D29D1ED7000816363 /* Release */ = {
			isa = XCBuildConfiguration;
			baseConfigurationReference = 1A52C9C4F8B440C27D3929FA /* Pods-Untitled-UntitledUITests.release.xcconfig */;
			buildSettings = {
				ALWAYS_EMBED_SWIFT_STANDARD_LIBRARIES = YES;
				CODE_SIGN_STYLE = Automatic;
				CURRENT_PROJECT_VERSION = 1;
				DEVELOPMENT_TEAM = 6578S57CDT;
				GENERATE_INFOPLIST_FILE = YES;
				MARKETING_VERSION = 1.0;
				PRODUCT_BUNDLE_IDENTIFIER = Jaehyeoklim.UntitledUITests;
				PRODUCT_NAME = "$(TARGET_NAME)";
				SWIFT_EMIT_LOC_STRINGS = NO;
				SWIFT_VERSION = 5.0;
				TARGETED_DEVICE_FAMILY = "1,2";
				TEST_TARGET_NAME = Untitled;
			};
			name = Release;
		};
/* End XCBuildConfiguration section */

/* Begin XCConfigurationList section */
		FAB785E329D1ED6F00816363 /* Build configuration list for PBXProject "Untitled" */ = {
			isa = XCConfigurationList;
			buildConfigurations = (
				FAB7861329D1ED7000816363 /* Debug */,
				FAB7861429D1ED7000816363 /* Release */,
			);
			defaultConfigurationIsVisible = 0;
			defaultConfigurationName = Release;
		};
		FAB7861529D1ED7000816363 /* Build configuration list for PBXNativeTarget "Untitled" */ = {
			isa = XCConfigurationList;
			buildConfigurations = (
				FAB7861629D1ED7000816363 /* Debug */,
				FAB7861729D1ED7000816363 /* Release */,
			);
			defaultConfigurationIsVisible = 0;
			defaultConfigurationName = Release;
		};
		FAB7861829D1ED7000816363 /* Build configuration list for PBXNativeTarget "UntitledTests" */ = {
			isa = XCConfigurationList;
			buildConfigurations = (
				FAB7861929D1ED7000816363 /* Debug */,
				FAB7861A29D1ED7000816363 /* Release */,
			);
			defaultConfigurationIsVisible = 0;
			defaultConfigurationName = Release;
		};
		FAB7861B29D1ED7000816363 /* Build configuration list for PBXNativeTarget "UntitledUITests" */ = {
			isa = XCConfigurationList;
			buildConfigurations = (
				FAB7861C29D1ED7000816363 /* Debug */,
				FAB7861D29D1ED7000816363 /* Release */,
			);
			defaultConfigurationIsVisible = 0;
			defaultConfigurationName = Release;
		};
/* End XCConfigurationList section */

/* Begin XCVersionGroup section */
		FAB785F429D1ED6F00816363 /* Untitled.xcdatamodeld */ = {
			isa = XCVersionGroup;
			children = (
				FAB785F529D1ED6F00816363 /* Untitled.xcdatamodel */,
			);
			currentVersion = FAB785F529D1ED6F00816363 /* Untitled.xcdatamodel */;
			path = Untitled.xcdatamodeld;
			sourceTree = "<group>";
			versionGroupType = wrapper.xcdatamodel;
		};
/* End XCVersionGroup section */
	};
	rootObject = FAB785E029D1ED6F00816363 /* Project object */;
}
